// !$*UTF8*$!
{
	archiveVersion = 1;
	classes = {
	};
	objectVersion = 46;
	objects = {

/* Begin PBXBuildFile section */
		2A5D8D65198ED3E30090C5A7 /* main.swift in Sources */ = {isa = PBXBuildFile; fileRef = 2A5D8D64198ED3E30090C5A7 /* main.swift */; };
		2A5D8D67198ED3E30090C5A7 /* AppDelegate.swift in Sources */ = {isa = PBXBuildFile; fileRef = 2A5D8D66198ED3E30090C5A7 /* AppDelegate.swift */; };
		2A5D8D69198ED3E30090C5A7 /* Images.xcassets in Resources */ = {isa = PBXBuildFile; fileRef = 2A5D8D68198ED3E30090C5A7 /* Images.xcassets */; };
		2A5D8D6C198ED3E40090C5A7 /* MainMenu.xib in Resources */ = {isa = PBXBuildFile; fileRef = 2A5D8D6A198ED3E40090C5A7 /* MainMenu.xib */; };
		2A5D8D78198ED3E40090C5A7 /* MyTestTests.swift in Sources */ = {isa = PBXBuildFile; fileRef = 2A5D8D77198ED3E40090C5A7 /* MyTestTests.swift */; };
		2A5D8D82198ED4A20090C5A7 /* MyTest.swift in Sources */ = {isa = PBXBuildFile; fileRef = 2A5D8D81198ED4A20090C5A7 /* MyTest.swift */; };
/* End PBXBuildFile section */

/* Begin PBXContainerItemProxy section */
		2A5D8D72198ED3E40090C5A7 /* PBXContainerItemProxy */ = {
			isa = PBXContainerItemProxy;
			containerPortal = 2A5D8D57198ED3E30090C5A7 /* Project object */;
			proxyType = 1;
			remoteGlobalIDString = 2A5D8D5E198ED3E30090C5A7;
			remoteInfo = MyTest;
		};
/* End PBXContainerItemProxy section */

/* Begin PBXFileReference section */
		2A5D8D5F198ED3E30090C5A7 /* MyTest.app */ = {isa = PBXFileReference; explicitFileType = wrapper.application; includeInIndex = 0; path = MyTest.app; sourceTree = BUILT_PRODUCTS_DIR; };
		2A5D8D63198ED3E30090C5A7 /* Info.plist */ = {isa = PBXFileReference; lastKnownFileType = text.plist.xml; path = Info.plist; sourceTree = "<group>"; };
		2A5D8D64198ED3E30090C5A7 /* main.swift */ = {isa = PBXFileReference; lastKnownFileType = sourcecode.swift; path = main.swift; sourceTree = "<group>"; };
		2A5D8D66198ED3E30090C5A7 /* AppDelegate.swift */ = {isa = PBXFileReference; lastKnownFileType = sourcecode.swift; path = AppDelegate.swift; sourceTree = "<group>"; };
		2A5D8D68198ED3E30090C5A7 /* Images.xcassets */ = {isa = PBXFileReference; lastKnownFileType = folder.assetcatalog; path = Images.xcassets; sourceTree = "<group>"; };
		2A5D8D6B198ED3E40090C5A7 /* Base */ = {isa = PBXFileReference; lastKnownFileType = file.xib; name = Base; path = Base.lproj/MainMenu.xib; sourceTree = "<group>"; };
		2A5D8D71198ED3E40090C5A7 /* MyTestTests.xctest */ = {isa = PBXFileReference; explicitFileType = wrapper.cfbundle; includeInIndex = 0; path = MyTestTests.xctest; sourceTree = BUILT_PRODUCTS_DIR; };
		2A5D8D76198ED3E40090C5A7 /* Info.plist */ = {isa = PBXFileReference; lastKnownFileType = text.plist.xml; path = Info.plist; sourceTree = "<group>"; };
		2A5D8D77198ED3E40090C5A7 /* MyTestTests.swift */ = {isa = PBXFileReference; lastKnownFileType = sourcecode.swift; path = MyTestTests.swift; sourceTree = "<group>"; };
		2A5D8D81198ED4A20090C5A7 /* MyTest.swift */ = {isa = PBXFileReference; fileEncoding = 4; lastKnownFileType = sourcecode.swift; path = MyTest.swift; sourceTree = "<group>"; };
/* End PBXFileReference section */

/* Begin PBXFrameworksBuildPhase section */
		2A5D8D5C198ED3E30090C5A7 /* Frameworks */ = {
			isa = PBXFrameworksBuildPhase;
			buildActionMask = 2147483647;
			files = (
			);
			runOnlyForDeploymentPostprocessing = 0;
		};
		2A5D8D6E198ED3E40090C5A7 /* Frameworks */ = {
			isa = PBXFrameworksBuildPhase;
			buildActionMask = 2147483647;
			files = (
			);
			runOnlyForDeploymentPostprocessing = 0;
		};
/* End PBXFrameworksBuildPhase section */

/* Begin PBXGroup section */
		2A5D8D56198ED3E30090C5A7 = {
			isa = PBXGroup;
			children = (
				2A5D8D61198ED3E30090C5A7 /* MyTest */,
				2A5D8D74198ED3E40090C5A7 /* MyTestTests */,
				2A5D8D60198ED3E30090C5A7 /* Products */,
			);
			sourceTree = "<group>";
		};
		2A5D8D60198ED3E30090C5A7 /* Products */ = {
			isa = PBXGroup;
			children = (
				2A5D8D5F198ED3E30090C5A7 /* MyTest.app */,
				2A5D8D71198ED3E40090C5A7 /* MyTestTests.xctest */,
			);
			name = Products;
			sourceTree = "<group>";
		};
		2A5D8D61198ED3E30090C5A7 /* MyTest */ = {
			isa = PBXGroup;
			children = (
				2A5D8D66198ED3E30090C5A7 /* AppDelegate.swift */,
				2A5D8D81198ED4A20090C5A7 /* MyTest.swift */,
				2A5D8D68198ED3E30090C5A7 /* Images.xcassets */,
				2A5D8D6A198ED3E40090C5A7 /* MainMenu.xib */,
				2A5D8D62198ED3E30090C5A7 /* Supporting Files */,
			);
			path = MyTest;
			sourceTree = "<group>";
		};
		2A5D8D62198ED3E30090C5A7 /* Supporting Files */ = {
			isa = PBXGroup;
			children = (
				2A5D8D63198ED3E30090C5A7 /* Info.plist */,
				2A5D8D64198ED3E30090C5A7 /* main.swift */,
			);
			name = "Supporting Files";
			sourceTree = "<group>";
		};
		2A5D8D74198ED3E40090C5A7 /* MyTestTests */ = {
			isa = PBXGroup;
			children = (
				2A5D8D77198ED3E40090C5A7 /* MyTestTests.swift */,
				2A5D8D75198ED3E40090C5A7 /* Supporting Files */,
			);
			path = MyTestTests;
			sourceTree = "<group>";
		};
		2A5D8D75198ED3E40090C5A7 /* Supporting Files */ = {
			isa = PBXGroup;
			children = (
				2A5D8D76198ED3E40090C5A7 /* Info.plist */,
			);
			name = "Supporting Files";
			sourceTree = "<group>";
		};
/* End PBXGroup section */

/* Begin PBXNativeTarget section */
		2A5D8D5E198ED3E30090C5A7 /* MyTest */ = {
			isa = PBXNativeTarget;
			buildConfigurationList = 2A5D8D7B198ED3E40090C5A7 /* Build configuration list for PBXNativeTarget "MyTest" */;
			buildPhases = (
				2A5D8D5B198ED3E30090C5A7 /* Sources */,
				2A5D8D5C198ED3E30090C5A7 /* Frameworks */,
				2A5D8D5D198ED3E30090C5A7 /* Resources */,
			);
			buildRules = (
			);
			dependencies = (
			);
			name = MyTest;
			productName = MyTest;
			productReference = 2A5D8D5F198ED3E30090C5A7 /* MyTest.app */;
			productType = "com.apple.product-type.application";
		};
		2A5D8D70198ED3E40090C5A7 /* MyTestTests */ = {
			isa = PBXNativeTarget;
			buildConfigurationList = 2A5D8D7E198ED3E40090C5A7 /* Build configuration list for PBXNativeTarget "MyTestTests" */;
			buildPhases = (
				2A5D8D6D198ED3E40090C5A7 /* Sources */,
				2A5D8D6E198ED3E40090C5A7 /* Frameworks */,
				2A5D8D6F198ED3E40090C5A7 /* Resources */,
			);
			buildRules = (
			);
			dependencies = (
				2A5D8D73198ED3E40090C5A7 /* PBXTargetDependency */,
			);
			name = MyTestTests;
			productName = MyTestTests;
			productReference = 2A5D8D71198ED3E40090C5A7 /* MyTestTests.xctest */;
			productType = "com.apple.product-type.bundle.unit-test";
		};
/* End PBXNativeTarget section */

/* Begin PBXProject section */
		2A5D8D57198ED3E30090C5A7 /* Project object */ = {
			isa = PBXProject;
			attributes = {
				LastUpgradeCheck = 0600;
				TargetAttributes = {
					2A5D8D5E198ED3E30090C5A7 = {
						CreatedOnToolsVersion = 6.0;
					};
					2A5D8D70198ED3E40090C5A7 = {
						CreatedOnToolsVersion = 6.0;
						TestTargetID = 2A5D8D5E198ED3E30090C5A7;
					};
				};
			};
			buildConfigurationList = 2A5D8D5A198ED3E30090C5A7 /* Build configuration list for PBXProject "MyTest" */;
			compatibilityVersion = "Xcode 3.2";
			developmentRegion = English;
			hasScannedForEncodings = 0;
			knownRegions = (
				en,
				Base,
			);
			mainGroup = 2A5D8D56198ED3E30090C5A7;
			productRefGroup = 2A5D8D60198ED3E30090C5A7 /* Products */;
			projectDirPath = "";
			projectRoot = "";
			targets = (
				2A5D8D5E198ED3E30090C5A7 /* MyTest */,
				2A5D8D70198ED3E40090C5A7 /* MyTestTests */,
			);
		};
/* End PBXProject section */

/* Begin PBXResourcesBuildPhase section */
		2A5D8D5D198ED3E30090C5A7 /* Resources */ = {
			isa = PBXResourcesBuildPhase;
			buildActionMask = 2147483647;
			files = (
				2A5D8D69198ED3E30090C5A7 /* Images.xcassets in Resources */,
				2A5D8D6C198ED3E40090C5A7 /* MainMenu.xib in Resources */,
			);
			runOnlyForDeploymentPostprocessing = 0;
		};
		2A5D8D6F198ED3E40090C5A7 /* Resources */ = {
			isa = PBXResourcesBuildPhase;
			buildActionMask = 2147483647;
			files = (
			);
			runOnlyForDeploymentPostprocessing = 0;
		};
/* End PBXResourcesBuildPhase section */

/* Begin PBXSourcesBuildPhase section */
		2A5D8D5B198ED3E30090C5A7 /* Sources */ = {
			isa = PBXSourcesBuildPhase;
			buildActionMask = 2147483647;
			files = (
				2A5D8D67198ED3E30090C5A7 /* AppDelegate.swift in Sources */,
				2A5D8D65198ED3E30090C5A7 /* main.swift in Sources */,
				2A5D8D82198ED4A20090C5A7 /* MyTest.swift in Sources */,
			);
			runOnlyForDeploymentPostprocessing = 0;
		};
		2A5D8D6D198ED3E40090C5A7 /* Sources */ = {
			isa = PBXSourcesBuildPhase;
			buildActionMask = 2147483647;
			files = (
				2A5D8D78198ED3E40090C5A7 /* MyTestTests.swift in Sources */,
			);
			runOnlyForDeploymentPostprocessing = 0;
		};
/* End PBXSourcesBuildPhase section */

/* Begin PBXTargetDependency section */
		2A5D8D73198ED3E40090C5A7 /* PBXTargetDependency */ = {
			isa = PBXTargetDependency;
			target = 2A5D8D5E198ED3E30090C5A7 /* MyTest */;
			targetProxy = 2A5D8D72198ED3E40090C5A7 /* PBXContainerItemProxy */;
		};
/* End PBXTargetDependency section */

/* Begin PBXVariantGroup section */
		2A5D8D6A198ED3E40090C5A7 /* MainMenu.xib */ = {
			isa = PBXVariantGroup;
			children = (
				2A5D8D6B198ED3E40090C5A7 /* Base */,
			);
			name = MainMenu.xib;
			sourceTree = "<group>";
		};
/* End PBXVariantGroup section */

/* Begin XCBuildConfiguration section */
		2A5D8D79198ED3E40090C5A7 /* Debug */ = {
			isa = XCBuildConfiguration;
			buildSettings = {
				ALWAYS_SEARCH_USER_PATHS = NO;
				CLANG_CXX_LANGUAGE_STANDARD = "gnu++0x";
				CLANG_CXX_LIBRARY = "libc++";
				CLANG_ENABLE_MODULES = YES;
				CLANG_ENABLE_OBJC_ARC = YES;
				CLANG_WARN_BOOL_CONVERSION = YES;
				CLANG_WARN_CONSTANT_CONVERSION = YES;
				CLANG_WARN_DIRECT_OBJC_ISA_USAGE = YES_ERROR;
				CLANG_WARN_EMPTY_BODY = YES;
				CLANG_WARN_ENUM_CONVERSION = YES;
				CLANG_WARN_INT_CONVERSION = YES;
				CLANG_WARN_OBJC_ROOT_CLASS = YES_ERROR;
				CLANG_WARN_UNREACHABLE_CODE = YES;
				CLANG_WARN__DUPLICATE_METHOD_MATCH = YES;
				CODE_SIGN_IDENTITY = "-";
				COPY_PHASE_STRIP = NO;
				ENABLE_STRICT_OBJC_MSGSEND = YES;
				GCC_C_LANGUAGE_STANDARD = gnu99;
				GCC_DYNAMIC_NO_PIC = NO;
				GCC_OPTIMIZATION_LEVEL = 0;
				GCC_PREPROCESSOR_DEFINITIONS = (
					"DEBUG=1",
					"$(inherited)",
				);
				GCC_SYMBOLS_PRIVATE_EXTERN = NO;
				GCC_WARN_64_TO_32_BIT_CONVERSION = YES;
				GCC_WARN_ABOUT_RETURN_TYPE = YES_ERROR;
				GCC_WARN_UNDECLARED_SELECTOR = YES;
				GCC_WARN_UNINITIALIZED_AUTOS = YES_AGGRESSIVE;
				GCC_WARN_UNUSED_FUNCTION = YES;
				GCC_WARN_UNUSED_VARIABLE = YES;
				MACOSX_DEPLOYMENT_TARGET = 10.9;
				MTL_ENABLE_DEBUG_INFO = YES;
				ONLY_ACTIVE_ARCH = YES;
				SDKROOT = macosx;
				SWIFT_OPTIMIZATION_LEVEL = "-Onone";
			};
			name = Debug;
		};
		2A5D8D7A198ED3E40090C5A7 /* Release */ = {
			isa = XCBuildConfiguration;
			buildSettings = {
				ALWAYS_SEARCH_USER_PATHS = NO;
				CLANG_CXX_LANGUAGE_STANDARD = "gnu++0x";
				CLANG_CXX_LIBRARY = "libc++";
				CLANG_ENABLE_MODULES = YES;
				CLANG_ENABLE_OBJC_ARC = YES;
				CLANG_WARN_BOOL_CONVERSION = YES;
				CLANG_WARN_CONSTANT_CONVERSION = YES;
				CLANG_WARN_DIRECT_OBJC_ISA_USAGE = YES_ERROR;
				CLANG_WARN_EMPTY_BODY = YES;
				CLANG_WARN_ENUM_CONVERSION = YES;
				CLANG_WARN_INT_CONVERSION = YES;
				CLANG_WARN_OBJC_ROOT_CLASS = YES_ERROR;
				CLANG_WARN_UNREACHABLE_CODE = YES;
				CLANG_WARN__DUPLICATE_METHOD_MATCH = YES;
				CODE_SIGN_IDENTITY = "-";
				COPY_PHASE_STRIP = YES;
				DEBUG_INFORMATION_FORMAT = "dwarf-with-dsym";
				ENABLE_NS_ASSERTIONS = NO;
				ENABLE_STRICT_OBJC_MSGSEND = YES;
				GCC_C_LANGUAGE_STANDARD = gnu99;
				GCC_WARN_64_TO_32_BIT_CONVERSION = YES;
				GCC_WARN_ABOUT_RETURN_TYPE = YES_ERROR;
				GCC_WARN_UNDECLARED_SELECTOR = YES;
				GCC_WARN_UNINITIALIZED_AUTOS = YES_AGGRESSIVE;
				GCC_WARN_UNUSED_FUNCTION = YES;
				GCC_WARN_UNUSED_VARIABLE = YES;
				MACOSX_DEPLOYMENT_TARGET = 10.9;
				MTL_ENABLE_DEBUG_INFO = NO;
				SDKROOT = macosx;
			};
			name = Release;
		};
		2A5D8D7C198ED3E40090C5A7 /* Debug */ = {
			isa = XCBuildConfiguration;
			buildSettings = {
				ASSETCATALOG_COMPILER_APPICON_NAME = AppIcon;
				COMBINE_HIDPI_IMAGES = YES;
				INFOPLIST_FILE = MyTest/Info.plist;
				LD_RUNPATH_SEARCH_PATHS = "$(inherited) @executable_path/../Frameworks";
				PRODUCT_NAME = "$(TARGET_NAME)";
			};
			name = Debug;
		};
		2A5D8D7D198ED3E40090C5A7 /* Release */ = {
			isa = XCBuildConfiguration;
			buildSettings = {
				ASSETCATALOG_COMPILER_APPICON_NAME = AppIcon;
				COMBINE_HIDPI_IMAGES = YES;
				INFOPLIST_FILE = MyTest/Info.plist;
				LD_RUNPATH_SEARCH_PATHS = "$(inherited) @executable_path/../Frameworks";
				PRODUCT_NAME = "$(TARGET_NAME)";
			};
			name = Release;
		};
		2A5D8D7F198ED3E40090C5A7 /* Debug */ = {
			isa = XCBuildConfiguration;
			buildSettings = {
				BUNDLE_LOADER = "$(BUILT_PRODUCTS_DIR)/MyTest.app/Contents/MacOS/MyTest";
				COMBINE_HIDPI_IMAGES = YES;
				FRAMEWORK_SEARCH_PATHS = (
					"$(DEVELOPER_FRAMEWORKS_DIR)",
					"$(inherited)",
				);
				GCC_PREPROCESSOR_DEFINITIONS = (
					"DEBUG=1",
					"$(inherited)",
				);
				INFOPLIST_FILE = MyTestTests/Info.plist;
				LD_RUNPATH_SEARCH_PATHS = "$(inherited) @executable_path/../Frameworks @loader_path/../Frameworks";
				PRODUCT_NAME = "$(TARGET_NAME)";
				TEST_HOST = "$(BUNDLE_LOADER)";
			};
			name = Debug;
		};
		2A5D8D80198ED3E40090C5A7 /* Release */ = {
			isa = XCBuildConfiguration;
			buildSettings = {
				BUNDLE_LOADER = "$(BUILT_PRODUCTS_DIR)/MyTest.app/Contents/MacOS/MyTest";
				COMBINE_HIDPI_IMAGES = YES;
				FRAMEWORK_SEARCH_PATHS = (
					"$(DEVELOPER_FRAMEWORKS_DIR)",
					"$(inherited)",
				);
				INFOPLIST_FILE = MyTestTests/Info.plist;
				LD_RUNPATH_SEARCH_PATHS = "$(inherited) @executable_path/../Frameworks @loader_path/../Frameworks";
				PRODUCT_NAME = "$(TARGET_NAME)";
				TEST_HOST = "$(BUNDLE_LOADER)";
			};
			name = Release;
		};
/* End XCBuildConfiguration section */

/* Begin XCConfigurationList section */
		2A5D8D5A198ED3E30090C5A7 /* Build configuration list for PBXProject "MyTest" */ = {
			isa = XCConfigurationList;
			buildConfigurations = (
				2A5D8D79198ED3E40090C5A7 /* Debug */,
				2A5D8D7A198ED3E40090C5A7 /* Release */,
			);
			defaultConfigurationIsVisible = 0;
			defaultConfigurationName = Release;
		};
		2A5D8D7B198ED3E40090C5A7 /* Build configuration list for PBXNativeTarget "MyTest" */ = {
			isa = XCConfigurationList;
			buildConfigurations = (
				2A5D8D7C198ED3E40090C5A7 /* Debug */,
				2A5D8D7D198ED3E40090C5A7 /* Release */,
			);
			defaultConfigurationIsVisible = 0;
		};
		2A5D8D7E198ED3E40090C5A7 /* Build configuration list for PBXNativeTarget "MyTestTests" */ = {
			isa = XCConfigurationList;
			buildConfigurations = (
				2A5D8D7F198ED3E40090C5A7 /* Debug */,
				2A5D8D80198ED3E40090C5A7 /* Release */,
			);
			defaultConfigurationIsVisible = 0;
		};
/* End XCConfigurationList section */
	};
	rootObject = 2A5D8D57198ED3E30090C5A7 /* Project object */;
}
